# This file is automatically @generated by Cargo.
# It is not intended for manual editing.
version = 4

[[package]]
name = "libre_chess_lib"
version = "1.0.0"
dependencies = [
 "manfredo",
]

[[package]]
name = "manfredo"
version = "1.0.0"
source = "git+https://github.com/joao-arthur/manfredo?rev=5ed86b7f064541307c0a5bc1a6a28e43783b9fb1#5ed86b7f064541307c0a5bc1a6a28e43783b9fb1"
